
Microsoft Visual Studio Solution File, Format Version 12.00
# Visual Studio 15
VisualStudioVersion = 15.0.28307.489
MinimumVisualStudioVersion = 10.0.40219.1
Project("{FAE04EC0-301F-11D3-BF4B-00C04F79EFBC}") = "CUXamarin2.Android", "CUXamarin2\CUXamarin2.Android\CUXamarin2.Android.csproj", "{52A20934-0F22-4EC0-9C93-832A000818AD}"
EndProject
Project("{FAE04EC0-301F-11D3-BF4B-00C04F79EFBC}") = "CUXamarin2.iOS", "CUXamarin2\CUXamarin2.iOS\CUXamarin2.iOS.csproj", "{BF2617A7-B147-4795-B5C4-111BBA97DC86}"
EndProject
Project("{FAE04EC0-301F-11D3-BF4B-00C04F79EFBC}") = "CUXamarin2", "CUXamarin2\CUXamarin2\CUXamarin2.csproj", "{D761AD96-95D8-45F7-AAB7-6203C1F563C7}"
EndProject
Global
	GlobalSection(SolutionConfigurationPlatforms) = preSolution
		Ad-Hoc|Any CPU = Ad-Hoc|Any CPU
		Ad-Hoc|iPhone = Ad-Hoc|iPhone
		Ad-Hoc|iPhoneSimulator = Ad-Hoc|iPhoneSimulator
		AppStore|Any CPU = AppStore|Any CPU
		AppStore|iPhone = AppStore|iPhone
		AppStore|iPhoneSimulator = AppStore|iPhoneSimulator
		Debug|Any CPU = Debug|Any CPU
		Debug|iPhone = Debug|iPhone
		Debug|iPhoneSimulator = Debug|iPhoneSimulator
		Release|Any CPU = Release|Any CPU
		Release|iPhone = Release|iPhone
		Release|iPhoneSimulator = Release|iPhoneSimulator
	EndGlobalSection
	GlobalSection(ProjectConfigurationPlatforms) = postSolution
		{52A20934-0F22-4EC0-9C93-832A000818AD}.Ad-Hoc|Any CPU.ActiveCfg = Release|Any CPU
		{52A20934-0F22-4EC0-9C93-832A000818AD}.Ad-Hoc|Any CPU.Build.0 = Release|Any CPU
		{52A20934-0F22-4EC0-9C93-832A000818AD}.Ad-Hoc|Any CPU.Deploy.0 = Release|Any CPU
		{52A20934-0F22-4EC0-9C93-832A000818AD}.Ad-Hoc|iPhone.ActiveCfg = Release|Any CPU
		{52A20934-0F22-4EC0-9C93-832A000818AD}.Ad-Hoc|iPhone.Build.0 = Release|Any CPU
		{52A20934-0F22-4EC0-9C93-832A000818AD}.Ad-Hoc|iPhone.Deploy.0 = Release|Any CPU
		{52A20934-0F22-4EC0-9C93-832A000818AD}.Ad-Hoc|iPhoneSimulator.ActiveCfg = Release|Any CPU
		{52A20934-0F22-4EC0-9C93-832A000818AD}.Ad-Hoc|iPhoneSimulator.Build.0 = Release|Any CPU
		{52A20934-0F22-4EC0-9C93-832A000818AD}.Ad-Hoc|iPhoneSimulator.Deploy.0 = Release|Any CPU
		{52A20934-0F22-4EC0-9C93-832A000818AD}.AppStore|Any CPU.ActiveCfg = Release|Any CPU
		{52A20934-0F22-4EC0-9C93-832A000818AD}.AppStore|Any CPU.Build.0 = Release|Any CPU
		{52A20934-0F22-4EC0-9C93-832A000818AD}.AppStore|Any CPU.Deploy.0 = Release|Any CPU
		{52A20934-0F22-4EC0-9C93-832A000818AD}.AppStore|iPhone.ActiveCfg = Release|Any CPU
		{52A20934-0F22-4EC0-9C93-832A000818AD}.AppStore|iPhone.Build.0 = Release|Any CPU
		{52A20934-0F22-4EC0-9C93-832A000818AD}.AppStore|iPhone.Deploy.0 = Release|Any CPU
		{52A20934-0F22-4EC0-9C93-832A000818AD}.AppStore|iPhoneSimulator.ActiveCfg = Release|Any CPU
		{52A20934-0F22-4EC0-9C93-832A000818AD}.AppStore|iPhoneSimulator.Build.0 = Release|Any CPU
		{52A20934-0F22-4EC0-9C93-832A000818AD}.AppStore|iPhoneSimulator.Deploy.0 = Release|Any CPU
		{52A20934-0F22-4EC0-9C93-832A000818AD}.Debug|Any CPU.ActiveCfg = Debug|Any CPU
		{52A20934-0F22-4EC0-9C93-832A000818AD}.Debug|Any CPU.Build.0 = Debug|Any CPU
		{52A20934-0F22-4EC0-9C93-832A000818AD}.Debug|Any CPU.Deploy.0 = Debug|Any CPU
		{52A20934-0F22-4EC0-9C93-832A000818AD}.Debug|iPhone.ActiveCfg = Debug|Any CPU
		{52A20934-0F22-4EC0-9C93-832A000818AD}.Debug|iPhone.Build.0 = Debug|Any CPU
		{52A20934-0F22-4EC0-9C93-832A000818AD}.Debug|iPhone.Deploy.0 = Debug|Any CPU
		{52A20934-0F22-4EC0-9C93-832A000818AD}.Debug|iPhoneSimulator.ActiveCfg = Debug|Any CPU
		{52A20934-0F22-4EC0-9C93-832A000818AD}.Debug|iPhoneSimulator.Build.0 = Debug|Any CPU
		{52A20934-0F22-4EC0-9C93-832A000818AD}.Debug|iPhoneSimulator.Deploy.0 = Debug|Any CPU
		{52A20934-0F22-4EC0-9C93-832A000818AD}.Release|Any CPU.ActiveCfg = Release|Any CPU
		{52A20934-0F22-4EC0-9C93-832A000818AD}.Release|Any CPU.Build.0 = Release|Any CPU
		{52A20934-0F22-4EC0-9C93-832A000818AD}.Release|Any CPU.Deploy.0 = Release|Any CPU
		{52A20934-0F22-4EC0-9C93-832A000818AD}.Release|iPhone.ActiveCfg = Release|Any CPU
		{52A20934-0F22-4EC0-9C93-832A000818AD}.Release|iPhone.Build.0 = Release|Any CPU
		{52A20934-0F22-4EC0-9C93-832A000818AD}.Release|iPhone.Deploy.0 = Release|Any CPU
		{52A20934-0F22-4EC0-9C93-832A000818AD}.Release|iPhoneSimulator.ActiveCfg = Release|Any CPU
		{52A20934-0F22-4EC0-9C93-832A000818AD}.Release|iPhoneSimulator.Build.0 = Release|Any CPU
		{52A20934-0F22-4EC0-9C93-832A000818AD}.Release|iPhoneSimulator.Deploy.0 = Release|Any CPU
		{BF2617A7-B147-4795-B5C4-111BBA97DC86}.Ad-Hoc|Any CPU.ActiveCfg = Ad-Hoc|iPhone
		{BF2617A7-B147-4795-B5C4-111BBA97DC86}.Ad-Hoc|Any CPU.Build.0 = Ad-Hoc|iPhone
		{BF2617A7-B147-4795-B5C4-111BBA97DC86}.Ad-Hoc|Any CPU.Deploy.0 = Ad-Hoc|iPhone
		{BF2617A7-B147-4795-B5C4-111BBA97DC86}.Ad-Hoc|iPhone.ActiveCfg = Ad-Hoc|iPhone
		{BF2617A7-B147-4795-B5C4-111BBA97DC86}.Ad-Hoc|iPhone.Build.0 = Ad-Hoc|iPhone
		{BF2617A7-B147-4795-B5C4-111BBA97DC86}.Ad-Hoc|iPhone.Deploy.0 = Ad-Hoc|iPhone
		{BF2617A7-B147-4795-B5C4-111BBA97DC86}.Ad-Hoc|iPhoneSimulator.ActiveCfg = Ad-Hoc|iPhoneSimulator
		{BF2617A7-B147-4795-B5C4-111BBA97DC86}.Ad-Hoc|iPhoneSimulator.Build.0 = Ad-Hoc|iPhoneSimulator
		{BF2617A7-B147-4795-B5C4-111BBA97DC86}.Ad-Hoc|iPhoneSimulator.Deploy.0 = Ad-Hoc|iPhoneSimulator
		{BF2617A7-B147-4795-B5C4-111BBA97DC86}.AppStore|Any CPU.ActiveCfg = AppStore|iPhone
		{BF2617A7-B147-4795-B5C4-111BBA97DC86}.AppStore|Any CPU.Build.0 = AppStore|iPhone
		{BF2617A7-B147-4795-B5C4-111BBA97DC86}.AppStore|Any CPU.Deploy.0 = AppStore|iPhone
		{BF2617A7-B147-4795-B5C4-111BBA97DC86}.AppStore|iPhone.ActiveCfg = AppStore|iPhone
		{BF2617A7-B147-4795-B5C4-111BBA97DC86}.AppStore|iPhone.Build.0 = AppStore|iPhone
		{BF2617A7-B147-4795-B5C4-111BBA97DC86}.AppStore|iPhone.Deploy.0 = AppStore|iPhone
		{BF2617A7-B147-4795-B5C4-111BBA97DC86}.AppStore|iPhoneSimulator.ActiveCfg = AppStore|iPhoneSimulator
		{BF2617A7-B147-4795-B5C4-111BBA97DC86}.AppStore|iPhoneSimulator.Build.0 = AppStore|iPhoneSimulator
		{BF2617A7-B147-4795-B5C4-111BBA97DC86}.AppStore|iPhoneSimulator.Deploy.0 = AppStore|iPhoneSimulator
		{BF2617A7-B147-4795-B5C4-111BBA97DC86}.Debug|Any CPU.ActiveCfg = Debug|iPhoneSimulator
		{BF2617A7-B147-4795-B5C4-111BBA97DC86}.Debug|Any CPU.Build.0 = Debug|iPhoneSimulator
		{BF2617A7-B147-4795-B5C4-111BBA97DC86}.Debug|Any CPU.Deploy.0 = Debug|iPhoneSimulator
		{BF2617A7-B147-4795-B5C4-111BBA97DC86}.Debug|iPhone.ActiveCfg = Debug|iPhone
		{BF2617A7-B147-4795-B5C4-111BBA97DC86}.Debug|iPhone.Build.0 = Debug|iPhone
		{BF2617A7-B147-4795-B5C4-111BBA97DC86}.Debug|iPhone.Deploy.0 = Debug|iPhone
		{BF2617A7-B147-4795-B5C4-111BBA97DC86}.Debug|iPhoneSimulator.ActiveCfg = Debug|iPhoneSimulator
		{BF2617A7-B147-4795-B5C4-111BBA97DC86}.Debug|iPhoneSimulator.Build.0 = Debug|iPhoneSimulator
		{BF2617A7-B147-4795-B5C4-111BBA97DC86}.Debug|iPhoneSimulator.Deploy.0 = Debug|iPhoneSimulator
		{BF2617A7-B147-4795-B5C4-111BBA97DC86}.Release|Any CPU.ActiveCfg = Release|iPhone
		{BF2617A7-B147-4795-B5C4-111BBA97DC86}.Release|Any CPU.Build.0 = Release|iPhone
		{BF2617A7-B147-4795-B5C4-111BBA97DC86}.Release|Any CPU.Deploy.0 = Release|iPhone
		{BF2617A7-B147-4795-B5C4-111BBA97DC86}.Release|iPhone.ActiveCfg = Release|iPhone
		{BF2617A7-B147-4795-B5C4-111BBA97DC86}.Release|iPhone.Build.0 = Release|iPhone
		{BF2617A7-B147-4795-B5C4-111BBA97DC86}.Release|iPhone.Deploy.0 = Release|iPhone
		{BF2617A7-B147-4795-B5C4-111BBA97DC86}.Release|iPhoneSimulator.ActiveCfg = Release|iPhoneSimulator
		{BF2617A7-B147-4795-B5C4-111BBA97DC86}.Release|iPhoneSimulator.Build.0 = Release|iPhoneSimulator
		{BF2617A7-B147-4795-B5C4-111BBA97DC86}.Release|iPhoneSimulator.Deploy.0 = Release|iPhoneSimulator
		{D761AD96-95D8-45F7-AAB7-6203C1F563C7}.Ad-Hoc|Any CPU.ActiveCfg = Debug|Any CPU
		{D761AD96-95D8-45F7-AAB7-6203C1F563C7}.Ad-Hoc|Any CPU.Build.0 = Debug|Any CPU
		{D761AD96-95D8-45F7-AAB7-6203C1F563C7}.Ad-Hoc|Any CPU.Deploy.0 = Debug|Any CPU
		{D761AD96-95D8-45F7-AAB7-6203C1F563C7}.Ad-Hoc|iPhone.ActiveCfg = Debug|Any CPU
		{D761AD96-95D8-45F7-AAB7-6203C1F563C7}.Ad-Hoc|iPhone.Build.0 = Debug|Any CPU
		{D761AD96-95D8-45F7-AAB7-6203C1F563C7}.Ad-Hoc|iPhone.Deploy.0 = Debug|Any CPU
		{D761AD96-95D8-45F7-AAB7-6203C1F563C7}.Ad-Hoc|iPhoneSimulator.ActiveCfg = Debug|Any CPU
		{D761AD96-95D8-45F7-AAB7-6203C1F563C7}.Ad-Hoc|iPhoneSimulator.Build.0 = Debug|Any CPU
		{D761AD96-95D8-45F7-AAB7-6203C1F563C7}.Ad-Hoc|iPhoneSimulator.Deploy.0 = Debug|Any CPU
		{D761AD96-95D8-45F7-AAB7-6203C1F563C7}.AppStore|Any CPU.ActiveCfg = Debug|Any CPU
		{D761AD96-95D8-45F7-AAB7-6203C1F563C7}.AppStore|Any CPU.Build.0 = Debug|Any CPU
		{D761AD96-95D8-45F7-AAB7-6203C1F563C7}.AppStore|Any CPU.Deploy.0 = Debug|Any CPU
		{D761AD96-95D8-45F7-AAB7-6203C1F563C7}.AppStore|iPhone.ActiveCfg = Debug|Any CPU
		{D761AD96-95D8-45F7-AAB7-6203C1F563C7}.AppStore|iPhone.Build.0 = Debug|Any CPU
		{D761AD96-95D8-45F7-AAB7-6203C1F563C7}.AppStore|iPhone.Deploy.0 = Debug|Any CPU
		{D761AD96-95D8-45F7-AAB7-6203C1F563C7}.AppStore|iPhoneSimulator.ActiveCfg = Debug|Any CPU
		{D761AD96-95D8-45F7-AAB7-6203C1F563C7}.AppStore|iPhoneSimulator.Build.0 = Debug|Any CPU
		{D761AD96-95D8-45F7-AAB7-6203C1F563C7}.AppStore|iPhoneSimulator.Deploy.0 = Debug|Any CPU
		{D761AD96-95D8-45F7-AAB7-6203C1F563C7}.Debug|Any CPU.ActiveCfg = Debug|Any CPU
		{D761AD96-95D8-45F7-AAB7-6203C1F563C7}.Debug|Any CPU.Build.0 = Debug|Any CPU
		{D761AD96-95D8-45F7-AAB7-6203C1F563C7}.Debug|Any CPU.Deploy.0 = Debug|Any CPU
		{D761AD96-95D8-45F7-AAB7-6203C1F563C7}.Debug|iPhone.ActiveCfg = Debug|Any CPU
		{D761AD96-95D8-45F7-AAB7-6203C1F563C7}.Debug|iPhone.Build.0 = Debug|Any CPU
		{D761AD96-95D8-45F7-AAB7-6203C1F563C7}.Debug|iPhone.Deploy.0 = Debug|Any CPU
		{D761AD96-95D8-45F7-AAB7-6203C1F563C7}.Debug|iPhoneSimulator.ActiveCfg = Debug|Any CPU
		{D761AD96-95D8-45F7-AAB7-6203C1F563C7}.Debug|iPhoneSimulator.Build.0 = Debug|Any CPU
		{D761AD96-95D8-45F7-AAB7-6203C1F563C7}.Debug|iPhoneSimulator.Deploy.0 = Debug|Any CPU
		{D761AD96-95D8-45F7-AAB7-6203C1F563C7}.Release|Any CPU.ActiveCfg = Release|Any CPU
		{D761AD96-95D8-45F7-AAB7-6203C1F563C7}.Release|Any CPU.Build.0 = Release|Any CPU
		{D761AD96-95D8-45F7-AAB7-6203C1F563C7}.Release|Any CPU.Deploy.0 = Release|Any CPU
		{D761AD96-95D8-45F7-AAB7-6203C1F563C7}.Release|iPhone.ActiveCfg = Release|Any CPU
		{D761AD96-95D8-45F7-AAB7-6203C1F563C7}.Release|iPhone.Build.0 = Release|Any CPU
		{D761AD96-95D8-45F7-AAB7-6203C1F563C7}.Release|iPhone.Deploy.0 = Release|Any CPU
		{D761AD96-95D8-45F7-AAB7-6203C1F563C7}.Release|iPhoneSimulator.ActiveCfg = Release|Any CPU
		{D761AD96-95D8-45F7-AAB7-6203C1F563C7}.Release|iPhoneSimulator.Build.0 = Release|Any CPU
		{D761AD96-95D8-45F7-AAB7-6203C1F563C7}.Release|iPhoneSimulator.Deploy.0 = Release|Any CPU
	EndGlobalSection
	GlobalSection(SolutionProperties) = preSolution
		HideSolutionNode = FALSE
	EndGlobalSection
	GlobalSection(ExtensibilityGlobals) = postSolution
		SolutionGuid = {04A9A6A1-9699-46D8-B39A-22F495E3B086}
	EndGlobalSection
EndGlobal
